{
    "_readme": [
        "This file locks the dependencies of your project to a known state",
        "Read more about it at http://getcomposer.org/doc/01-basic-usage.md#composer-lock-the-lock-file",
        "This file is @generated automatically"
    ],
    "hash": "ba48f600dc2b1289b2b13094569832cc",
    "packages": [
        {
            "name": "guhelski/forecast-php",
            "version": "dev-master",
            "source": {
                "type": "git",
                "url": "https://github.com/guhelski/forecast-php.git",
                "reference": "42fdf094a5b2ace4df81cdf9ac91880c2b5f3be4"
            },
            "dist": {
                "type": "zip",
                "url": "https://api.github.com/repos/guhelski/forecast-php/zipball/42fdf094a5b2ace4df81cdf9ac91880c2b5f3be4",
                "reference": "42fdf094a5b2ace4df81cdf9ac91880c2b5f3be4",
                "shasum": ""
            },
            "require": {
                "php": ">=5.3.0"
            },
            "type": "library",
            "autoload": {
                "psr-0": {
                    "": "src"
                }
            },
            "notification-url": "https://packagist.org/downloads/",
            "license": [
                "MIT"
            ],
            "authors": [
                {
                    "name": "Guilherme Uhelski",
                    "email": "guilherme@uhelski.org",
                    "homepage": "http://uhelski.org"
                }
            ],
            "description": "Drop dead simple Forecast.io API v2 wrapper in PHP",
            "keywords": [
                "forecast",
                "forecast.io",
                "weather"
            ],
            "time": "2013-10-30 19:51:44"
        },
        {
            "name": "illuminate/support",
            "version": "v4.2.7",
            "target-dir": "Illuminate/Support",
            "source": {
                "type": "git",
                "url": "https://github.com/illuminate/support.git",
                "reference": "b3d84fa93aa3f2081a935158f860de8308d62d5a"
            },
            "dist": {
                "type": "zip",
                "url": "https://api.github.com/repos/illuminate/support/zipball/b3d84fa93aa3f2081a935158f860de8308d62d5a",
                "reference": "b3d84fa93aa3f2081a935158f860de8308d62d5a",
                "shasum": ""
            },
            "require": {
                "php": ">=5.4.0"
            },
            "require-dev": {
                "jeremeamia/superclosure": "~1.0",
                "patchwork/utf8": "1.1.*"
            },
            "type": "library",
            "extra": {
                "branch-alias": {
                    "dev-master": "4.2-dev"
                }
            },
            "autoload": {
                "psr-0": {
                    "Illuminate\\Support": ""
                },
                "files": [
                    "Illuminate/Support/helpers.php"
                ]
            },
            "notification-url": "https://packagist.org/downloads/",
            "license": [
                "MIT"
            ],
            "authors": [
                {
                    "name": "Taylor Otwell",
                    "email": "taylorotwell@gmail.com"
                }
            ],
            "time": "2014-07-21 21:14:59"
        }
    ],
    "packages-dev": [

    ],
    "aliases": [

    ],
    "minimum-stability": "stable",
    "stability-flags": {
        "guhelski/forecast-php": 20
    },
    "prefer-stable": false,
    "platform": {
        "php": ">=5.4.0"
    },
    "platform-dev": [

    ]
}
